
Microsoft Visual Studio Solution File, Format Version 12.00
# Visual Studio Version 17
VisualStudioVersion = 17.7.34024.191
MinimumVisualStudioVersion = 10.0.40219.1
Project("{2150E333-8FDC-42A3-9474-1A3956D46DE8}") = "Services", "Services", "{7F2EB447-3FAE-4440-932D-15D058706A6D}"
EndProject
Project("{2150E333-8FDC-42A3-9474-1A3956D46DE8}") = "Catalog", "Catalog", "{1B444433-DEF6-416B-8A35-5206FE8368E6}"
EndProject
Project("{9A19103F-16F7-4668-BE54-9A1E7A4F7556}") = "Services.Catalog.API", "Services\Catalog\Services.Catalog.API\Services.Catalog.API.csproj", "{132CCB9F-BEBD-4587-AA7F-225D3644687B}"
EndProject
Project("{2150E333-8FDC-42A3-9474-1A3956D46DE8}") = "Shared", "Shared", "{402050A2-3C38-4698-821B-3EEDA4C65561}"
EndProject
Project("{9A19103F-16F7-4668-BE54-9A1E7A4F7556}") = "Services.Shared", "Shared\Services.Shared\Services.Shared.csproj", "{B2379802-EF3C-4E4B-B6F9-6CB3BB0AB334}"
EndProject
Project("{2150E333-8FDC-42A3-9474-1A3956D46DE8}") = "IdentityServer", "IdentityServer", "{41E23930-05A1-456B-95D6-FF3E3724F8E1}"
EndProject
Project("{9A19103F-16F7-4668-BE54-9A1E7A4F7556}") = "Services.IdentityServer.MVC", "IdentityServer\Services.IdentityServer.MVC\Services.IdentityServer.MVC.csproj", "{A04EAF8D-8700-4CA6-B6F7-B43DB8CC3331}"
EndProject
Project("{2150E333-8FDC-42A3-9474-1A3956D46DE8}") = "PhotoStock", "PhotoStock", "{0C6035DA-EED1-42AD-987C-D368BF2B8D8A}"
EndProject
Project("{9A19103F-16F7-4668-BE54-9A1E7A4F7556}") = "Services.PhotoStock.API", "Services\PhotoStock\Services.PhotoStock.API\Services.PhotoStock.API.csproj", "{D1BD8BF6-4FE0-493B-9194-3DA7AD989475}"
EndProject
Project("{2150E333-8FDC-42A3-9474-1A3956D46DE8}") = "Basket", "Basket", "{AB38F7CD-5F51-477D-AE95-374C6E44F746}"
EndProject
Project("{9A19103F-16F7-4668-BE54-9A1E7A4F7556}") = "Services.Basket.API", "Services\Basket\Services.Basket.API\Services.Basket.API.csproj", "{5AD52201-11F3-4C67-ACF5-B8CAE7CF7940}"
EndProject
Project("{2150E333-8FDC-42A3-9474-1A3956D46DE8}") = "Discount", "Discount", "{C517D723-BDF1-47E2-AB66-E5C00FDA00EE}"
EndProject
Project("{FAE04EC0-301F-11D3-BF4B-00C04F79EFBC}") = "Services.Discount.API", "Services\Discount\Services.Discount.API\Services.Discount.API.csproj", "{00E30F5C-3783-42A4-A81B-5054F3EC5C78}"
EndProject
Global
	GlobalSection(SolutionConfigurationPlatforms) = preSolution
		Debug|Any CPU = Debug|Any CPU
		Release|Any CPU = Release|Any CPU
	EndGlobalSection
	GlobalSection(ProjectConfigurationPlatforms) = postSolution
		{132CCB9F-BEBD-4587-AA7F-225D3644687B}.Debug|Any CPU.ActiveCfg = Debug|Any CPU
		{132CCB9F-BEBD-4587-AA7F-225D3644687B}.Debug|Any CPU.Build.0 = Debug|Any CPU
		{132CCB9F-BEBD-4587-AA7F-225D3644687B}.Release|Any CPU.ActiveCfg = Release|Any CPU
		{132CCB9F-BEBD-4587-AA7F-225D3644687B}.Release|Any CPU.Build.0 = Release|Any CPU
		{B2379802-EF3C-4E4B-B6F9-6CB3BB0AB334}.Debug|Any CPU.ActiveCfg = Debug|Any CPU
		{B2379802-EF3C-4E4B-B6F9-6CB3BB0AB334}.Debug|Any CPU.Build.0 = Debug|Any CPU
		{B2379802-EF3C-4E4B-B6F9-6CB3BB0AB334}.Release|Any CPU.ActiveCfg = Release|Any CPU
		{B2379802-EF3C-4E4B-B6F9-6CB3BB0AB334}.Release|Any CPU.Build.0 = Release|Any CPU
		{A04EAF8D-8700-4CA6-B6F7-B43DB8CC3331}.Debug|Any CPU.ActiveCfg = Debug|Any CPU
		{A04EAF8D-8700-4CA6-B6F7-B43DB8CC3331}.Debug|Any CPU.Build.0 = Debug|Any CPU
		{A04EAF8D-8700-4CA6-B6F7-B43DB8CC3331}.Release|Any CPU.ActiveCfg = Release|Any CPU
		{A04EAF8D-8700-4CA6-B6F7-B43DB8CC3331}.Release|Any CPU.Build.0 = Release|Any CPU
		{D1BD8BF6-4FE0-493B-9194-3DA7AD989475}.Debug|Any CPU.ActiveCfg = Debug|Any CPU
		{D1BD8BF6-4FE0-493B-9194-3DA7AD989475}.Debug|Any CPU.Build.0 = Debug|Any CPU
		{D1BD8BF6-4FE0-493B-9194-3DA7AD989475}.Release|Any CPU.ActiveCfg = Release|Any CPU
		{D1BD8BF6-4FE0-493B-9194-3DA7AD989475}.Release|Any CPU.Build.0 = Release|Any CPU
		{5AD52201-11F3-4C67-ACF5-B8CAE7CF7940}.Debug|Any CPU.ActiveCfg = Debug|Any CPU
		{5AD52201-11F3-4C67-ACF5-B8CAE7CF7940}.Debug|Any CPU.Build.0 = Debug|Any CPU
		{5AD52201-11F3-4C67-ACF5-B8CAE7CF7940}.Release|Any CPU.ActiveCfg = Release|Any CPU
		{5AD52201-11F3-4C67-ACF5-B8CAE7CF7940}.Release|Any CPU.Build.0 = Release|Any CPU
		{00E30F5C-3783-42A4-A81B-5054F3EC5C78}.Debug|Any CPU.ActiveCfg = Debug|Any CPU
		{00E30F5C-3783-42A4-A81B-5054F3EC5C78}.Debug|Any CPU.Build.0 = Debug|Any CPU
		{00E30F5C-3783-42A4-A81B-5054F3EC5C78}.Release|Any CPU.ActiveCfg = Release|Any CPU
		{00E30F5C-3783-42A4-A81B-5054F3EC5C78}.Release|Any CPU.Build.0 = Release|Any CPU
	EndGlobalSection
	GlobalSection(SolutionProperties) = preSolution
		HideSolutionNode = FALSE
	EndGlobalSection
	GlobalSection(NestedProjects) = preSolution
		{1B444433-DEF6-416B-8A35-5206FE8368E6} = {7F2EB447-3FAE-4440-932D-15D058706A6D}
		{132CCB9F-BEBD-4587-AA7F-225D3644687B} = {1B444433-DEF6-416B-8A35-5206FE8368E6}
		{B2379802-EF3C-4E4B-B6F9-6CB3BB0AB334} = {402050A2-3C38-4698-821B-3EEDA4C65561}
		{A04EAF8D-8700-4CA6-B6F7-B43DB8CC3331} = {41E23930-05A1-456B-95D6-FF3E3724F8E1}
		{0C6035DA-EED1-42AD-987C-D368BF2B8D8A} = {7F2EB447-3FAE-4440-932D-15D058706A6D}
		{D1BD8BF6-4FE0-493B-9194-3DA7AD989475} = {0C6035DA-EED1-42AD-987C-D368BF2B8D8A}
		{AB38F7CD-5F51-477D-AE95-374C6E44F746} = {7F2EB447-3FAE-4440-932D-15D058706A6D}
		{5AD52201-11F3-4C67-ACF5-B8CAE7CF7940} = {AB38F7CD-5F51-477D-AE95-374C6E44F746}
		{C517D723-BDF1-47E2-AB66-E5C00FDA00EE} = {7F2EB447-3FAE-4440-932D-15D058706A6D}
		{00E30F5C-3783-42A4-A81B-5054F3EC5C78} = {C517D723-BDF1-47E2-AB66-E5C00FDA00EE}
	EndGlobalSection
	GlobalSection(ExtensibilityGlobals) = postSolution
		SolutionGuid = {480D8006-69B3-4734-9AD7-C4D08A3720E5}
	EndGlobalSection
EndGlobal
